PODS:
  - Masonry (1.1.0)
  - WMHAVP (0.1.1):
    - Masonry (= 1.1.0)

DEPENDENCIES:
  - WMHAVP (from `../`)

SPEC REPOS:
  trunk:
    - Masonry

EXTERNAL SOURCES:
  WMHAVP:
    :path: "../"

SPEC CHECKSUMS:
  Masonry: 678fab65091a9290e40e2832a55e7ab731aad201
  WMHAVP: e35fe9640006118f5e676e537a27ede08d4d5646

PODFILE CHECKSUM: 615218574790b2543170e129faed8b9df9e08a65

COCOAPODS: 1.9.3
